
Microsoft Visual Studio Solution File, Format Version 12.00
# Visual Studio Version 16
VisualStudioVersion = 16.0.31507.150
MinimumVisualStudioVersion = 10.0.40219.1
Project("{FAE04EC0-301F-11D3-BF4B-00C04F79EFBC}") = "SharpTrooper", "SharpTrooper.csproj", "{64FA6A89-9042-42A7-A331-A8D6FBC79340}"
EndProject
Global
	GlobalSection(SolutionConfigurationPlatforms) = preSolution
		Debug|Any CPU = Debug|Any CPU
		Release|Any CPU = Release|Any CPU
	EndGlobalSection
	GlobalSection(ProjectConfigurationPlatforms) = postSolution
		{64FA6A89-9042-42A7-A331-A8D6FBC79340}.Debug|Any CPU.ActiveCfg = Debug|Any CPU
		{64FA6A89-9042-42A7-A331-A8D6FBC79340}.Debug|Any CPU.Build.0 = Debug|Any CPU
		{64FA6A89-9042-42A7-A331-A8D6FBC79340}.Release|Any CPU.ActiveCfg = Release|Any CPU
		{64FA6A89-9042-42A7-A331-A8D6FBC79340}.Release|Any CPU.Build.0 = Release|Any CPU
	EndGlobalSection
	GlobalSection(SolutionProperties) = preSolution
		HideSolutionNode = FALSE
	EndGlobalSection
	GlobalSection(ExtensibilityGlobals) = postSolution
		SolutionGuid = {DE6ED9F5-7507-4570-B432-C780FADE619B}
	EndGlobalSection
EndGlobal
